// !$*UTF8*$!
{
	archiveVersion = 1;
	classes = {
	};
	objectVersion = 77;
	objects = {

/* Begin PBXBuildFile section */
		CF26EADC2D43B45A00104D31 /* DataManagerTests.swift in Sources */ = {isa = PBXBuildFile; fileRef = CF26EADB2D43B41A00104D31 /* DataManagerTests.swift */; };
		CF26EADF2D43BE6700104D31 /* NetworkManager.swift in Sources */ = {isa = PBXBuildFile; fileRef = CF26EADE2D43BE6300104D31 /* NetworkManager.swift */; };
		CF26EAE12D43CE7600104D31 /* NotificationName.swift in Sources */ = {isa = PBXBuildFile; fileRef = CF26EAE02D43CE7600104D31 /* NotificationName.swift */; };
		CF47A4A12D3F857800CF3EC5 /* AresApp.swift in Sources */ = {isa = PBXBuildFile; fileRef = CF47A49C2D3F857800CF3EC5 /* AresApp.swift */; };
		CF47A4A22D3F857800CF3EC5 /* ContentView.swift in Sources */ = {isa = PBXBuildFile; fileRef = CF47A49E2D3F857800CF3EC5 /* ContentView.swift */; };
		CF47A4A42D3F857800CF3EC5 /* Preview Assets.xcassets in Resources */ = {isa = PBXBuildFile; fileRef = CF47A4992D3F857800CF3EC5 /* Preview Assets.xcassets */; };
		CF47A4A52D3F857800CF3EC5 /* Assets.xcassets in Resources */ = {isa = PBXBuildFile; fileRef = CF47A49D2D3F857800CF3EC5 /* Assets.xcassets */; };
		CF47A4B02D3F9C9200CF3EC5 /* Entry.swift in Sources */ = {isa = PBXBuildFile; fileRef = CF47A4AF2D3F9C8F00CF3EC5 /* Entry.swift */; };
		CF47A4B32D3F9CE600CF3EC5 /* AresCore in Frameworks */ = {isa = PBXBuildFile; productRef = CF47A4B22D3F9CE600CF3EC5 /* AresCore */; };
		CF47A4B52D3F9CE600CF3EC5 /* OPML in Frameworks */ = {isa = PBXBuildFile; productRef = CF47A4B42D3F9CE600CF3EC5 /* OPML */; };
		CF47A4B72D3F9CE600CF3EC5 /* SDWebImageSwiftUI in Frameworks */ = {isa = PBXBuildFile; productRef = CF47A4B62D3F9CE600CF3EC5 /* SDWebImageSwiftUI */; };
		CF47A4B92D3F9CE600CF3EC5 /* SwiftyBeaver in Frameworks */ = {isa = PBXBuildFile; productRef = CF47A4B82D3F9CE600CF3EC5 /* SwiftyBeaver */; };
		CF47A4C02D3F9D0C00CF3EC5 /* AresUITests.swift in Sources */ = {isa = PBXBuildFile; fileRef = CF47A4BD2D3F9D0C00CF3EC5 /* AresUITests.swift */; };
		CF47A4C12D3F9D0C00CF3EC5 /* AresUITestsLaunchTests.swift in Sources */ = {isa = PBXBuildFile; fileRef = CF47A4BE2D3F9D0C00CF3EC5 /* AresUITestsLaunchTests.swift */; };
		CF47A4C32D3F9DD300CF3EC5 /* String+Ares.swift in Sources */ = {isa = PBXBuildFile; fileRef = CF47A4C22D3F9DCC00CF3EC5 /* String+Ares.swift */; };
		CF47A4C72D3F9E4000CF3EC5 /* AresEntry.swift in Sources */ = {isa = PBXBuildFile; fileRef = CF47A4C62D3F9E3D00CF3EC5 /* AresEntry.swift */; };
		CF47A4C92D3F9E5600CF3EC5 /* VideoEntry.swift in Sources */ = {isa = PBXBuildFile; fileRef = CF47A4C82D3F9E5600CF3EC5 /* VideoEntry.swift */; };
		CF47A4CB2D3F9FDA00CF3EC5 /* UnownedEntry.swift in Sources */ = {isa = PBXBuildFile; fileRef = CF47A4CA2D3F9FCE00CF3EC5 /* UnownedEntry.swift */; };
		CF47A4CD2D3FA17700CF3EC5 /* Feed.swift in Sources */ = {isa = PBXBuildFile; fileRef = CF47A4CC2D3FA17300CF3EC5 /* Feed.swift */; };
		CF47A4CF2D3FA28F00CF3EC5 /* UnownedFeed.swift in Sources */ = {isa = PBXBuildFile; fileRef = CF47A4CE2D3FA28900CF3EC5 /* UnownedFeed.swift */; };
		CF47A4D12D3FA2E600CF3EC5 /* AresFeed.swift in Sources */ = {isa = PBXBuildFile; fileRef = CF47A4D02D3FA2E600CF3EC5 /* AresFeed.swift */; };
		CF47A4D32D3FA30000CF3EC5 /* Folder.swift in Sources */ = {isa = PBXBuildFile; fileRef = CF47A4D22D3FA2FF00CF3EC5 /* Folder.swift */; };
		CF47A4D52D3FC0F600CF3EC5 /* ThemeType.swift in Sources */ = {isa = PBXBuildFile; fileRef = CF47A4D42D3FC0F600CF3EC5 /* ThemeType.swift */; };
		CF47A4D72D3FC10500CF3EC5 /* AppIconType.swift in Sources */ = {isa = PBXBuildFile; fileRef = CF47A4D62D3FC10500CF3EC5 /* AppIconType.swift */; };
		CF47A4D92D3FC17100CF3EC5 /* Color+Ares.swift in Sources */ = {isa = PBXBuildFile; fileRef = CF47A4D82D3FC16D00CF3EC5 /* Color+Ares.swift */; };
		CF47A4DC2D3FC3E600CF3EC5 /* DataManager.swift in Sources */ = {isa = PBXBuildFile; fileRef = CF47A4DB2D3FC3E600CF3EC5 /* DataManager.swift */; };
		CF59417F2D44B9C500B63B57 /* NetworkManagerTests.swift in Sources */ = {isa = PBXBuildFile; fileRef = CF59417E2D44B9C500B63B57 /* NetworkManagerTests.swift */; };
/* End PBXBuildFile section */

/* Begin PBXContainerItemProxy section */
		CFF98B6E2D29732E00E98BB9 /* PBXContainerItemProxy */ = {
			isa = PBXContainerItemProxy;
			containerPortal = CFF98B522D29732B00E98BB9 /* Project object */;
			proxyType = 1;
			remoteGlobalIDString = CFF98B592D29732B00E98BB9;
			remoteInfo = Ares;
		};
		CFF98B782D29732E00E98BB9 /* PBXContainerItemProxy */ = {
			isa = PBXContainerItemProxy;
			containerPortal = CFF98B522D29732B00E98BB9 /* Project object */;
			proxyType = 1;
			remoteGlobalIDString = CFF98B592D29732B00E98BB9;
			remoteInfo = Ares;
		};
/* End PBXContainerItemProxy section */

/* Begin PBXFileReference section */
		CF26EADB2D43B41A00104D31 /* DataManagerTests.swift */ = {isa = PBXFileReference; lastKnownFileType = sourcecode.swift; path = DataManagerTests.swift; sourceTree = "<group>"; };
		CF26EADE2D43BE6300104D31 /* NetworkManager.swift */ = {isa = PBXFileReference; lastKnownFileType = sourcecode.swift; path = NetworkManager.swift; sourceTree = "<group>"; };
		CF26EAE02D43CE7600104D31 /* NotificationName.swift */ = {isa = PBXFileReference; lastKnownFileType = sourcecode.swift; path = NotificationName.swift; sourceTree = "<group>"; };
		CF47A4992D3F857800CF3EC5 /* Preview Assets.xcassets */ = {isa = PBXFileReference; lastKnownFileType = folder.assetcatalog; path = "Preview Assets.xcassets"; sourceTree = "<group>"; };
		CF47A49B2D3F857800CF3EC5 /* Ares.entitlements */ = {isa = PBXFileReference; lastKnownFileType = text.plist.entitlements; path = Ares.entitlements; sourceTree = "<group>"; };
		CF47A49C2D3F857800CF3EC5 /* AresApp.swift */ = {isa = PBXFileReference; lastKnownFileType = sourcecode.swift; path = AresApp.swift; sourceTree = "<group>"; };
		CF47A49D2D3F857800CF3EC5 /* Assets.xcassets */ = {isa = PBXFileReference; lastKnownFileType = folder.assetcatalog; path = Assets.xcassets; sourceTree = "<group>"; };
		CF47A49E2D3F857800CF3EC5 /* ContentView.swift */ = {isa = PBXFileReference; lastKnownFileType = sourcecode.swift; path = ContentView.swift; sourceTree = "<group>"; };
		CF47A4AF2D3F9C8F00CF3EC5 /* Entry.swift */ = {isa = PBXFileReference; lastKnownFileType = sourcecode.swift; path = Entry.swift; sourceTree = "<group>"; };
		CF47A4BD2D3F9D0C00CF3EC5 /* AresUITests.swift */ = {isa = PBXFileReference; lastKnownFileType = sourcecode.swift; path = AresUITests.swift; sourceTree = "<group>"; };
		CF47A4BE2D3F9D0C00CF3EC5 /* AresUITestsLaunchTests.swift */ = {isa = PBXFileReference; lastKnownFileType = sourcecode.swift; path = AresUITestsLaunchTests.swift; sourceTree = "<group>"; };
		CF47A4C22D3F9DCC00CF3EC5 /* String+Ares.swift */ = {isa = PBXFileReference; lastKnownFileType = sourcecode.swift; path = "String+Ares.swift"; sourceTree = "<group>"; };
		CF47A4C62D3F9E3D00CF3EC5 /* AresEntry.swift */ = {isa = PBXFileReference; lastKnownFileType = sourcecode.swift; path = AresEntry.swift; sourceTree = "<group>"; };
		CF47A4C82D3F9E5600CF3EC5 /* VideoEntry.swift */ = {isa = PBXFileReference; lastKnownFileType = sourcecode.swift; path = VideoEntry.swift; sourceTree = "<group>"; };
		CF47A4CA2D3F9FCE00CF3EC5 /* UnownedEntry.swift */ = {isa = PBXFileReference; lastKnownFileType = sourcecode.swift; path = UnownedEntry.swift; sourceTree = "<group>"; };
		CF47A4CC2D3FA17300CF3EC5 /* Feed.swift */ = {isa = PBXFileReference; lastKnownFileType = sourcecode.swift; path = Feed.swift; sourceTree = "<group>"; };
		CF47A4CE2D3FA28900CF3EC5 /* UnownedFeed.swift */ = {isa = PBXFileReference; lastKnownFileType = sourcecode.swift; path = UnownedFeed.swift; sourceTree = "<group>"; };
		CF47A4D02D3FA2E600CF3EC5 /* AresFeed.swift */ = {isa = PBXFileReference; lastKnownFileType = sourcecode.swift; path = AresFeed.swift; sourceTree = "<group>"; };
		CF47A4D22D3FA2FF00CF3EC5 /* Folder.swift */ = {isa = PBXFileReference; lastKnownFileType = sourcecode.swift; path = Folder.swift; sourceTree = "<group>"; };
		CF47A4D42D3FC0F600CF3EC5 /* ThemeType.swift */ = {isa = PBXFileReference; lastKnownFileType = sourcecode.swift; path = ThemeType.swift; sourceTree = "<group>"; };
		CF47A4D62D3FC10500CF3EC5 /* AppIconType.swift */ = {isa = PBXFileReference; lastKnownFileType = sourcecode.swift; path = AppIconType.swift; sourceTree = "<group>"; };
		CF47A4D82D3FC16D00CF3EC5 /* Color+Ares.swift */ = {isa = PBXFileReference; lastKnownFileType = sourcecode.swift; path = "Color+Ares.swift"; sourceTree = "<group>"; };
		CF47A4DB2D3FC3E600CF3EC5 /* DataManager.swift */ = {isa = PBXFileReference; lastKnownFileType = sourcecode.swift; path = DataManager.swift; sourceTree = "<group>"; };
		CF59417E2D44B9C500B63B57 /* NetworkManagerTests.swift */ = {isa = PBXFileReference; lastKnownFileType = sourcecode.swift; path = NetworkManagerTests.swift; sourceTree = "<group>"; };
		CFF98B5A2D29732B00E98BB9 /* Ares.app */ = {isa = PBXFileReference; explicitFileType = wrapper.application; includeInIndex = 0; path = Ares.app; sourceTree = BUILT_PRODUCTS_DIR; };
		CFF98B6D2D29732E00E98BB9 /* AresTests.xctest */ = {isa = PBXFileReference; explicitFileType = wrapper.cfbundle; includeInIndex = 0; path = AresTests.xctest; sourceTree = BUILT_PRODUCTS_DIR; };
		CFF98B772D29732E00E98BB9 /* AresUITests.xctest */ = {isa = PBXFileReference; explicitFileType = wrapper.cfbundle; includeInIndex = 0; path = AresUITests.xctest; sourceTree = BUILT_PRODUCTS_DIR; };
/* End PBXFileReference section */

/* Begin PBXFrameworksBuildPhase section */
		CFF98B572D29732B00E98BB9 /* Frameworks */ = {
			isa = PBXFrameworksBuildPhase;
			buildActionMask = 2147483647;
			files = (
				CF47A4B72D3F9CE600CF3EC5 /* SDWebImageSwiftUI in Frameworks */,
				CF47A4B52D3F9CE600CF3EC5 /* OPML in Frameworks */,
				CF47A4B32D3F9CE600CF3EC5 /* AresCore in Frameworks */,
				CF47A4B92D3F9CE600CF3EC5 /* SwiftyBeaver in Frameworks */,
			);
			runOnlyForDeploymentPostprocessing = 0;
		};
		CFF98B6A2D29732E00E98BB9 /* Frameworks */ = {
			isa = PBXFrameworksBuildPhase;
			buildActionMask = 2147483647;
			files = (
			);
			runOnlyForDeploymentPostprocessing = 0;
		};
		CFF98B742D29732E00E98BB9 /* Frameworks */ = {
			isa = PBXFrameworksBuildPhase;
			buildActionMask = 2147483647;
			files = (
			);
			runOnlyForDeploymentPostprocessing = 0;
		};
/* End PBXFrameworksBuildPhase section */

/* Begin PBXGroup section */
		CF26EADD2D43BE5600104D31 /* Managers */ = {
			isa = PBXGroup;
			children = (
				CF26EADE2D43BE6300104D31 /* NetworkManager.swift */,
				CF47A4DB2D3FC3E600CF3EC5 /* DataManager.swift */,
			);
			path = Managers;
			sourceTree = "<group>";
		};
		CF47A49A2D3F857800CF3EC5 /* Preview Content */ = {
			isa = PBXGroup;
			children = (
				CF47A4992D3F857800CF3EC5 /* Preview Assets.xcassets */,
			);
			path = "Preview Content";
			sourceTree = "<group>";
		};
		CF47A4A02D3F857800CF3EC5 /* Ares */ = {
			isa = PBXGroup;
			children = (
				CF26EADD2D43BE5600104D31 /* Managers */,
				CF47A49B2D3F857800CF3EC5 /* Ares.entitlements */,
				CF47A49C2D3F857800CF3EC5 /* AresApp.swift */,
				CF47A49E2D3F857800CF3EC5 /* ContentView.swift */,
				CF47A49D2D3F857800CF3EC5 /* Assets.xcassets */,
				CF47A4AD2D3F9C5400CF3EC5 /* Data Models */,
				CF47A4DA2D3FC17A00CF3EC5 /* Extensions */,
				CF47A49A2D3F857800CF3EC5 /* Preview Content */,
			);
			path = Ares;
			sourceTree = "<group>";
		};
		CF47A4AD2D3F9C5400CF3EC5 /* Data Models */ = {
			isa = PBXGroup;
			children = (
				CF26EAE02D43CE7600104D31 /* NotificationName.swift */,
				CF47A4D62D3FC10500CF3EC5 /* AppIconType.swift */,
				CF47A4D42D3FC0F600CF3EC5 /* ThemeType.swift */,
				CF47A4CE2D3FA28900CF3EC5 /* UnownedFeed.swift */,
				CF47A4CA2D3F9FCE00CF3EC5 /* UnownedEntry.swift */,
				CF47A4C42D3F9E2600CF3EC5 /* Database Models */,
				CF47A4C52D3F9E3100CF3EC5 /* Protocol Models */,
			);
			path = "Data Models";
			sourceTree = "<group>";
		};
		CF47A4B12D3F9CE600CF3EC5 /* Frameworks */ = {
			isa = PBXGroup;
			children = (
			);
			name = Frameworks;
			sourceTree = "<group>";
		};
		CF47A4BB2D3F9D0900CF3EC5 /* AresTests */ = {
			isa = PBXGroup;
			children = (
				CF59417D2D44B98000B63B57 /* Managers */,
			);
			path = AresTests;
			sourceTree = "<group>";
		};
		CF47A4BF2D3F9D0C00CF3EC5 /* AresUITests */ = {
			isa = PBXGroup;
			children = (
				CF47A4BD2D3F9D0C00CF3EC5 /* AresUITests.swift */,
				CF47A4BE2D3F9D0C00CF3EC5 /* AresUITestsLaunchTests.swift */,
			);
			path = AresUITests;
			sourceTree = "<group>";
		};
		CF47A4C42D3F9E2600CF3EC5 /* Database Models */ = {
			isa = PBXGroup;
			children = (
				CF47A4D22D3FA2FF00CF3EC5 /* Folder.swift */,
				CF47A4CC2D3FA17300CF3EC5 /* Feed.swift */,
				CF47A4AF2D3F9C8F00CF3EC5 /* Entry.swift */,
			);
			path = "Database Models";
			sourceTree = "<group>";
		};
		CF47A4C52D3F9E3100CF3EC5 /* Protocol Models */ = {
			isa = PBXGroup;
			children = (
				CF47A4D02D3FA2E600CF3EC5 /* AresFeed.swift */,
				CF47A4C82D3F9E5600CF3EC5 /* VideoEntry.swift */,
				CF47A4C62D3F9E3D00CF3EC5 /* AresEntry.swift */,
			);
			path = "Protocol Models";
			sourceTree = "<group>";
		};
		CF47A4DA2D3FC17A00CF3EC5 /* Extensions */ = {
			isa = PBXGroup;
			children = (
				CF47A4D82D3FC16D00CF3EC5 /* Color+Ares.swift */,
				CF47A4C22D3F9DCC00CF3EC5 /* String+Ares.swift */,
			);
			path = Extensions;
			sourceTree = "<group>";
		};
		CF59417D2D44B98000B63B57 /* Managers */ = {
			isa = PBXGroup;
			children = (
				CF59417E2D44B9C500B63B57 /* NetworkManagerTests.swift */,
				CF26EADB2D43B41A00104D31 /* DataManagerTests.swift */,
			);
			path = Managers;
			sourceTree = "<group>";
		};
		CFF98B512D29732B00E98BB9 = {
			isa = PBXGroup;
			children = (
				CF47A4A02D3F857800CF3EC5 /* Ares */,
				CF47A4BB2D3F9D0900CF3EC5 /* AresTests */,
				CF47A4BF2D3F9D0C00CF3EC5 /* AresUITests */,
				CF47A4B12D3F9CE600CF3EC5 /* Frameworks */,
				CFF98B5B2D29732B00E98BB9 /* Products */,
			);
			sourceTree = "<group>";
		};
		CFF98B5B2D29732B00E98BB9 /* Products */ = {
			isa = PBXGroup;
			children = (
				CFF98B5A2D29732B00E98BB9 /* Ares.app */,
				CFF98B6D2D29732E00E98BB9 /* AresTests.xctest */,
				CFF98B772D29732E00E98BB9 /* AresUITests.xctest */,
			);
			name = Products;
			sourceTree = "<group>";
		};
/* End PBXGroup section */

/* Begin PBXNativeTarget section */
		CFF98B592D29732B00E98BB9 /* Ares */ = {
			isa = PBXNativeTarget;
			buildConfigurationList = CFF98B812D29732E00E98BB9 /* Build configuration list for PBXNativeTarget "Ares" */;
			buildPhases = (
				CFF98B562D29732B00E98BB9 /* Sources */,
				CFF98B572D29732B00E98BB9 /* Frameworks */,
				CFF98B582D29732B00E98BB9 /* Resources */,
			);
			buildRules = (
			);
			dependencies = (
			);
			name = Ares;
			packageProductDependencies = (
				CF47A4B22D3F9CE600CF3EC5 /* AresCore */,
				CF47A4B42D3F9CE600CF3EC5 /* OPML */,
				CF47A4B62D3F9CE600CF3EC5 /* SDWebImageSwiftUI */,
				CF47A4B82D3F9CE600CF3EC5 /* SwiftyBeaver */,
			);
			productName = Ares;
			productReference = CFF98B5A2D29732B00E98BB9 /* Ares.app */;
			productType = "com.apple.product-type.application";
		};
		CFF98B6C2D29732E00E98BB9 /* AresTests */ = {
			isa = PBXNativeTarget;
			buildConfigurationList = CFF98B842D29732E00E98BB9 /* Build configuration list for PBXNativeTarget "AresTests" */;
			buildPhases = (
				CFF98B692D29732E00E98BB9 /* Sources */,
				CFF98B6A2D29732E00E98BB9 /* Frameworks */,
				CFF98B6B2D29732E00E98BB9 /* Resources */,
			);
			buildRules = (
			);
			dependencies = (
				CFF98B6F2D29732E00E98BB9 /* PBXTargetDependency */,
			);
			name = AresTests;
			packageProductDependencies = (
			);
			productName = AresTests;
			productReference = CFF98B6D2D29732E00E98BB9 /* AresTests.xctest */;
			productType = "com.apple.product-type.bundle.unit-test";
		};
		CFF98B762D29732E00E98BB9 /* AresUITests */ = {
			isa = PBXNativeTarget;
			buildConfigurationList = CFF98B872D29732E00E98BB9 /* Build configuration list for PBXNativeTarget "AresUITests" */;
			buildPhases = (
				CFF98B732D29732E00E98BB9 /* Sources */,
				CFF98B742D29732E00E98BB9 /* Frameworks */,
				CFF98B752D29732E00E98BB9 /* Resources */,
			);
			buildRules = (
			);
			dependencies = (
				CFF98B792D29732E00E98BB9 /* PBXTargetDependency */,
			);
			name = AresUITests;
			packageProductDependencies = (
			);
			productName = AresUITests;
			productReference = CFF98B772D29732E00E98BB9 /* AresUITests.xctest */;
			productType = "com.apple.product-type.bundle.ui-testing";
		};
/* End PBXNativeTarget section */

/* Begin PBXProject section */
		CFF98B522D29732B00E98BB9 /* Project object */ = {
			isa = PBXProject;
			attributes = {
				BuildIndependentTargetsInParallel = 1;
				LastSwiftUpdateCheck = 1620;
				LastUpgradeCheck = 1620;
				TargetAttributes = {
					CFF98B592D29732B00E98BB9 = {
						CreatedOnToolsVersion = 16.2;
					};
					CFF98B6C2D29732E00E98BB9 = {
						CreatedOnToolsVersion = 16.2;
						TestTargetID = CFF98B592D29732B00E98BB9;
					};
					CFF98B762D29732E00E98BB9 = {
						CreatedOnToolsVersion = 16.2;
						TestTargetID = CFF98B592D29732B00E98BB9;
					};
				};
			};
			buildConfigurationList = CFF98B552D29732B00E98BB9 /* Build configuration list for PBXProject "Ares" */;
			developmentRegion = en;
			hasScannedForEncodings = 0;
			knownRegions = (
				en,
				Base,
			);
			mainGroup = CFF98B512D29732B00E98BB9;
			minimizedProjectReferenceProxies = 1;
			packageReferences = (
				CF47A4A62D3F948300CF3EC5 /* XCRemoteSwiftPackageReference "lib-ares-core" */,
				CF47A4A82D3F969200CF3EC5 /* XCRemoteSwiftPackageReference "lib-swift-opml" */,
				CF47A4A92D3F96B100CF3EC5 /* XCRemoteSwiftPackageReference "SDWebImageSwiftUI" */,
				CF47A4AA2D3F96CB00CF3EC5 /* XCRemoteSwiftPackageReference "SwiftyBeaver" */,
			);
			preferredProjectObjectVersion = 77;
			productRefGroup = CFF98B5B2D29732B00E98BB9 /* Products */;
			projectDirPath = "";
			projectRoot = "";
			targets = (
				CFF98B592D29732B00E98BB9 /* Ares */,
				CFF98B6C2D29732E00E98BB9 /* AresTests */,
				CFF98B762D29732E00E98BB9 /* AresUITests */,
			);
		};
/* End PBXProject section */

/* Begin PBXResourcesBuildPhase section */
		CFF98B582D29732B00E98BB9 /* Resources */ = {
			isa = PBXResourcesBuildPhase;
			buildActionMask = 2147483647;
			files = (
				CF47A4A42D3F857800CF3EC5 /* Preview Assets.xcassets in Resources */,
				CF47A4A52D3F857800CF3EC5 /* Assets.xcassets in Resources */,
			);
			runOnlyForDeploymentPostprocessing = 0;
		};
		CFF98B6B2D29732E00E98BB9 /* Resources */ = {
			isa = PBXResourcesBuildPhase;
			buildActionMask = 2147483647;
			files = (
			);
			runOnlyForDeploymentPostprocessing = 0;
		};
		CFF98B752D29732E00E98BB9 /* Resources */ = {
			isa = PBXResourcesBuildPhase;
			buildActionMask = 2147483647;
			files = (
			);
			runOnlyForDeploymentPostprocessing = 0;
		};
/* End PBXResourcesBuildPhase section */

/* Begin PBXSourcesBuildPhase section */
		CFF98B562D29732B00E98BB9 /* Sources */ = {
			isa = PBXSourcesBuildPhase;
			buildActionMask = 2147483647;
			files = (
				CF47A4B02D3F9C9200CF3EC5 /* Entry.swift in Sources */,
				CF47A4DC2D3FC3E600CF3EC5 /* DataManager.swift in Sources */,
				CF26EAE12D43CE7600104D31 /* NotificationName.swift in Sources */,
				CF47A4CD2D3FA17700CF3EC5 /* Feed.swift in Sources */,
				CF47A4A12D3F857800CF3EC5 /* AresApp.swift in Sources */,
				CF26EADF2D43BE6700104D31 /* NetworkManager.swift in Sources */,
				CF47A4C72D3F9E4000CF3EC5 /* AresEntry.swift in Sources */,
				CF47A4D32D3FA30000CF3EC5 /* Folder.swift in Sources */,
				CF47A4A22D3F857800CF3EC5 /* ContentView.swift in Sources */,
				CF47A4C32D3F9DD300CF3EC5 /* String+Ares.swift in Sources */,
				CF47A4C92D3F9E5600CF3EC5 /* VideoEntry.swift in Sources */,
				CF47A4CF2D3FA28F00CF3EC5 /* UnownedFeed.swift in Sources */,
				CF47A4D72D3FC10500CF3EC5 /* AppIconType.swift in Sources */,
				CF47A4D12D3FA2E600CF3EC5 /* AresFeed.swift in Sources */,
				CF47A4CB2D3F9FDA00CF3EC5 /* UnownedEntry.swift in Sources */,
				CF47A4D92D3FC17100CF3EC5 /* Color+Ares.swift in Sources */,
				CF47A4D52D3FC0F600CF3EC5 /* ThemeType.swift in Sources */,
			);
			runOnlyForDeploymentPostprocessing = 0;
		};
		CFF98B692D29732E00E98BB9 /* Sources */ = {
			isa = PBXSourcesBuildPhase;
			buildActionMask = 2147483647;
			files = (
				CF59417F2D44B9C500B63B57 /* NetworkManagerTests.swift in Sources */,
				CF26EADC2D43B45A00104D31 /* DataManagerTests.swift in Sources */,
			);
			runOnlyForDeploymentPostprocessing = 0;
		};
		CFF98B732D29732E00E98BB9 /* Sources */ = {
			isa = PBXSourcesBuildPhase;
			buildActionMask = 2147483647;
			files = (
				CF47A4C02D3F9D0C00CF3EC5 /* AresUITests.swift in Sources */,
				CF47A4C12D3F9D0C00CF3EC5 /* AresUITestsLaunchTests.swift in Sources */,
			);
			runOnlyForDeploymentPostprocessing = 0;
		};
/* End PBXSourcesBuildPhase section */

/* Begin PBXTargetDependency section */
		CFF98B6F2D29732E00E98BB9 /* PBXTargetDependency */ = {
			isa = PBXTargetDependency;
			target = CFF98B592D29732B00E98BB9 /* Ares */;
			targetProxy = CFF98B6E2D29732E00E98BB9 /* PBXContainerItemProxy */;
		};
		CFF98B792D29732E00E98BB9 /* PBXTargetDependency */ = {
			isa = PBXTargetDependency;
			target = CFF98B592D29732B00E98BB9 /* Ares */;
			targetProxy = CFF98B782D29732E00E98BB9 /* PBXContainerItemProxy */;
		};
/* End PBXTargetDependency section */

/* Begin XCBuildConfiguration section */
		CFF98B7F2D29732E00E98BB9 /* Debug */ = {
			isa = XCBuildConfiguration;
			buildSettings = {
				ALWAYS_SEARCH_USER_PATHS = NO;
				ASSETCATALOG_COMPILER_GENERATE_SWIFT_ASSET_SYMBOL_EXTENSIONS = YES;
				CLANG_ANALYZER_NONNULL = YES;
				CLANG_ANALYZER_NUMBER_OBJECT_CONVERSION = YES_AGGRESSIVE;
				CLANG_CXX_LANGUAGE_STANDARD = "gnu++20";
				CLANG_ENABLE_MODULES = YES;
				CLANG_ENABLE_OBJC_ARC = YES;
				CLANG_ENABLE_OBJC_WEAK = YES;
				CLANG_WARN_BLOCK_CAPTURE_AUTORELEASING = YES;
				CLANG_WARN_BOOL_CONVERSION = YES;
				CLANG_WARN_COMMA = YES;
				CLANG_WARN_CONSTANT_CONVERSION = YES;
				CLANG_WARN_DEPRECATED_OBJC_IMPLEMENTATIONS = YES;
				CLANG_WARN_DIRECT_OBJC_ISA_USAGE = YES_ERROR;
				CLANG_WARN_DOCUMENTATION_COMMENTS = YES;
				CLANG_WARN_EMPTY_BODY = YES;
				CLANG_WARN_ENUM_CONVERSION = YES;
				CLANG_WARN_INFINITE_RECURSION = YES;
				CLANG_WARN_INT_CONVERSION = YES;
				CLANG_WARN_NON_LITERAL_NULL_CONVERSION = YES;
				CLANG_WARN_OBJC_IMPLICIT_RETAIN_SELF = YES;
				CLANG_WARN_OBJC_LITERAL_CONVERSION = YES;
				CLANG_WARN_OBJC_ROOT_CLASS = YES_ERROR;
				CLANG_WARN_QUOTED_INCLUDE_IN_FRAMEWORK_HEADER = YES;
				CLANG_WARN_RANGE_LOOP_ANALYSIS = YES;
				CLANG_WARN_STRICT_PROTOTYPES = YES;
				CLANG_WARN_SUSPICIOUS_MOVE = YES;
				CLANG_WARN_UNGUARDED_AVAILABILITY = YES_AGGRESSIVE;
				CLANG_WARN_UNREACHABLE_CODE = YES;
				CLANG_WARN__DUPLICATE_METHOD_MATCH = YES;
				COPY_PHASE_STRIP = NO;
				DEBUG_INFORMATION_FORMAT = dwarf;
				ENABLE_STRICT_OBJC_MSGSEND = YES;
				ENABLE_TESTABILITY = YES;
				ENABLE_USER_SCRIPT_SANDBOXING = YES;
				GCC_C_LANGUAGE_STANDARD = gnu17;
				GCC_DYNAMIC_NO_PIC = NO;
				GCC_NO_COMMON_BLOCKS = YES;
				GCC_OPTIMIZATION_LEVEL = 0;
				GCC_PREPROCESSOR_DEFINITIONS = (
					"DEBUG=1",
					"$(inherited)",
				);
				GCC_WARN_64_TO_32_BIT_CONVERSION = YES;
				GCC_WARN_ABOUT_RETURN_TYPE = YES_ERROR;
				GCC_WARN_UNDECLARED_SELECTOR = YES;
				GCC_WARN_UNINITIALIZED_AUTOS = YES_AGGRESSIVE;
				GCC_WARN_UNUSED_FUNCTION = YES;
				GCC_WARN_UNUSED_VARIABLE = YES;
				LOCALIZATION_PREFERS_STRING_CATALOGS = YES;
				MTL_ENABLE_DEBUG_INFO = INCLUDE_SOURCE;
				MTL_FAST_MATH = YES;
				ONLY_ACTIVE_ARCH = YES;
				SWIFT_ACTIVE_COMPILATION_CONDITIONS = "DEBUG $(inherited)";
				SWIFT_OPTIMIZATION_LEVEL = "-Onone";
			};
			name = Debug;
		};
		CFF98B802D29732E00E98BB9 /* Release */ = {
			isa = XCBuildConfiguration;
			buildSettings = {
				ALWAYS_SEARCH_USER_PATHS = NO;
				ASSETCATALOG_COMPILER_GENERATE_SWIFT_ASSET_SYMBOL_EXTENSIONS = YES;
				CLANG_ANALYZER_NONNULL = YES;
				CLANG_ANALYZER_NUMBER_OBJECT_CONVERSION = YES_AGGRESSIVE;
				CLANG_CXX_LANGUAGE_STANDARD = "gnu++20";
				CLANG_ENABLE_MODULES = YES;
				CLANG_ENABLE_OBJC_ARC = YES;
				CLANG_ENABLE_OBJC_WEAK = YES;
				CLANG_WARN_BLOCK_CAPTURE_AUTORELEASING = YES;
				CLANG_WARN_BOOL_CONVERSION = YES;
				CLANG_WARN_COMMA = YES;
				CLANG_WARN_CONSTANT_CONVERSION = YES;
				CLANG_WARN_DEPRECATED_OBJC_IMPLEMENTATIONS = YES;
				CLANG_WARN_DIRECT_OBJC_ISA_USAGE = YES_ERROR;
				CLANG_WARN_DOCUMENTATION_COMMENTS = YES;
				CLANG_WARN_EMPTY_BODY = YES;
				CLANG_WARN_ENUM_CONVERSION = YES;
				CLANG_WARN_INFINITE_RECURSION = YES;
				CLANG_WARN_INT_CONVERSION = YES;
				CLANG_WARN_NON_LITERAL_NULL_CONVERSION = YES;
				CLANG_WARN_OBJC_IMPLICIT_RETAIN_SELF = YES;
				CLANG_WARN_OBJC_LITERAL_CONVERSION = YES;
				CLANG_WARN_OBJC_ROOT_CLASS = YES_ERROR;
				CLANG_WARN_QUOTED_INCLUDE_IN_FRAMEWORK_HEADER = YES;
				CLANG_WARN_RANGE_LOOP_ANALYSIS = YES;
				CLANG_WARN_STRICT_PROTOTYPES = YES;
				CLANG_WARN_SUSPICIOUS_MOVE = YES;
				CLANG_WARN_UNGUARDED_AVAILABILITY = YES_AGGRESSIVE;
				CLANG_WARN_UNREACHABLE_CODE = YES;
				CLANG_WARN__DUPLICATE_METHOD_MATCH = YES;
				COPY_PHASE_STRIP = NO;
				DEBUG_INFORMATION_FORMAT = "dwarf-with-dsym";
				ENABLE_NS_ASSERTIONS = NO;
				ENABLE_STRICT_OBJC_MSGSEND = YES;
				ENABLE_USER_SCRIPT_SANDBOXING = YES;
				GCC_C_LANGUAGE_STANDARD = gnu17;
				GCC_NO_COMMON_BLOCKS = YES;
				GCC_WARN_64_TO_32_BIT_CONVERSION = YES;
				GCC_WARN_ABOUT_RETURN_TYPE = YES_ERROR;
				GCC_WARN_UNDECLARED_SELECTOR = YES;
				GCC_WARN_UNINITIALIZED_AUTOS = YES_AGGRESSIVE;
				GCC_WARN_UNUSED_FUNCTION = YES;
				GCC_WARN_UNUSED_VARIABLE = YES;
				LOCALIZATION_PREFERS_STRING_CATALOGS = YES;
				MTL_ENABLE_DEBUG_INFO = NO;
				MTL_FAST_MATH = YES;
				SWIFT_COMPILATION_MODE = wholemodule;
			};
			name = Release;
		};
		CFF98B822D29732E00E98BB9 /* Debug */ = {
			isa = XCBuildConfiguration;
			buildSettings = {
				ASSETCATALOG_COMPILER_APPICON_NAME = AppIcon;
				ASSETCATALOG_COMPILER_GLOBAL_ACCENT_COLOR_NAME = AccentColor;
				CODE_SIGN_ENTITLEMENTS = Ares/Ares.entitlements;
				CODE_SIGN_STYLE = Automatic;
				CURRENT_PROJECT_VERSION = 1;
				DEVELOPMENT_ASSET_PATHS = "\"Ares/Preview Content\"";
				DEVELOPMENT_TEAM = PJU43759M3;
				ENABLE_HARDENED_RUNTIME = YES;
				ENABLE_PREVIEWS = YES;
				GENERATE_INFOPLIST_FILE = YES;
				"INFOPLIST_KEY_UIApplicationSceneManifest_Generation[sdk=iphoneos*]" = YES;
				"INFOPLIST_KEY_UIApplicationSceneManifest_Generation[sdk=iphonesimulator*]" = YES;
				"INFOPLIST_KEY_UIApplicationSupportsIndirectInputEvents[sdk=iphoneos*]" = YES;
				"INFOPLIST_KEY_UIApplicationSupportsIndirectInputEvents[sdk=iphonesimulator*]" = YES;
				"INFOPLIST_KEY_UILaunchScreen_Generation[sdk=iphoneos*]" = YES;
				"INFOPLIST_KEY_UILaunchScreen_Generation[sdk=iphonesimulator*]" = YES;
				"INFOPLIST_KEY_UIStatusBarStyle[sdk=iphoneos*]" = UIStatusBarStyleDefault;
				"INFOPLIST_KEY_UIStatusBarStyle[sdk=iphonesimulator*]" = UIStatusBarStyleDefault;
				INFOPLIST_KEY_UISupportedInterfaceOrientations_iPad = "UIInterfaceOrientationPortrait UIInterfaceOrientationPortraitUpsideDown UIInterfaceOrientationLandscapeLeft UIInterfaceOrientationLandscapeRight";
				INFOPLIST_KEY_UISupportedInterfaceOrientations_iPhone = "UIInterfaceOrientationPortrait UIInterfaceOrientationLandscapeLeft UIInterfaceOrientationLandscapeRight";
				IPHONEOS_DEPLOYMENT_TARGET = 18.2;
				LD_RUNPATH_SEARCH_PATHS = "@executable_path/Frameworks";
				"LD_RUNPATH_SEARCH_PATHS[sdk=macosx*]" = "@executable_path/../Frameworks";
				MACOSX_DEPLOYMENT_TARGET = 14.0;
				MARKETING_VERSION = 4.0.0;
				PRODUCT_BUNDLE_IDENTIFIER = com.developing.ares4;
				PRODUCT_NAME = "$(TARGET_NAME)";
				SDKROOT = auto;
				SUPPORTED_PLATFORMS = "iphoneos iphonesimulator macosx xros xrsimulator";
				SWIFT_EMIT_LOC_STRINGS = YES;
				SWIFT_VERSION = 5.0;
				TARGETED_DEVICE_FAMILY = "1,2,7";
				XROS_DEPLOYMENT_TARGET = 2.2;
			};
			name = Debug;
		};
		CFF98B832D29732E00E98BB9 /* Release */ = {
			isa = XCBuildConfiguration;
			buildSettings = {
				ASSETCATALOG_COMPILER_APPICON_NAME = AppIcon;
				ASSETCATALOG_COMPILER_GLOBAL_ACCENT_COLOR_NAME = AccentColor;
				CODE_SIGN_ENTITLEMENTS = Ares/Ares.entitlements;
				CODE_SIGN_STYLE = Automatic;
				CURRENT_PROJECT_VERSION = 1;
				DEVELOPMENT_ASSET_PATHS = "\"Ares/Preview Content\"";
				DEVELOPMENT_TEAM = PJU43759M3;
				ENABLE_HARDENED_RUNTIME = YES;
				ENABLE_PREVIEWS = YES;
				GENERATE_INFOPLIST_FILE = YES;
				"INFOPLIST_KEY_UIApplicationSceneManifest_Generation[sdk=iphoneos*]" = YES;
				"INFOPLIST_KEY_UIApplicationSceneManifest_Generation[sdk=iphonesimulator*]" = YES;
				"INFOPLIST_KEY_UIApplicationSupportsIndirectInputEvents[sdk=iphoneos*]" = YES;
				"INFOPLIST_KEY_UIApplicationSupportsIndirectInputEvents[sdk=iphonesimulator*]" = YES;
				"INFOPLIST_KEY_UILaunchScreen_Generation[sdk=iphoneos*]" = YES;
				"INFOPLIST_KEY_UILaunchScreen_Generation[sdk=iphonesimulator*]" = YES;
				"INFOPLIST_KEY_UIStatusBarStyle[sdk=iphoneos*]" = UIStatusBarStyleDefault;
				"INFOPLIST_KEY_UIStatusBarStyle[sdk=iphonesimulator*]" = UIStatusBarStyleDefault;
				INFOPLIST_KEY_UISupportedInterfaceOrientations_iPad = "UIInterfaceOrientationPortrait UIInterfaceOrientationPortraitUpsideDown UIInterfaceOrientationLandscapeLeft UIInterfaceOrientationLandscapeRight";
				INFOPLIST_KEY_UISupportedInterfaceOrientations_iPhone = "UIInterfaceOrientationPortrait UIInterfaceOrientationLandscapeLeft UIInterfaceOrientationLandscapeRight";
				IPHONEOS_DEPLOYMENT_TARGET = 18.2;
				LD_RUNPATH_SEARCH_PATHS = "@executable_path/Frameworks";
				"LD_RUNPATH_SEARCH_PATHS[sdk=macosx*]" = "@executable_path/../Frameworks";
				MACOSX_DEPLOYMENT_TARGET = 14.0;
				MARKETING_VERSION = 4.0.0;
				PRODUCT_BUNDLE_IDENTIFIER = com.developing.ares4;
				PRODUCT_NAME = "$(TARGET_NAME)";
				SDKROOT = auto;
				SUPPORTED_PLATFORMS = "iphoneos iphonesimulator macosx xros xrsimulator";
				SWIFT_EMIT_LOC_STRINGS = YES;
				SWIFT_VERSION = 5.0;
				TARGETED_DEVICE_FAMILY = "1,2,7";
				XROS_DEPLOYMENT_TARGET = 2.2;
			};
			name = Release;
		};
		CFF98B852D29732E00E98BB9 /* Debug */ = {
			isa = XCBuildConfiguration;
			buildSettings = {
				BUNDLE_LOADER = "$(TEST_HOST)";
				CODE_SIGN_STYLE = Automatic;
				CURRENT_PROJECT_VERSION = 1;
				DEVELOPMENT_TEAM = 7NJ556MN96;
				GENERATE_INFOPLIST_FILE = YES;
				IPHONEOS_DEPLOYMENT_TARGET = 18.2;
				MACOSX_DEPLOYMENT_TARGET = 15.2;
				MARKETING_VERSION = 1.0;
				PRODUCT_BUNDLE_IDENTIFIER = com.joaopires.AresTests;
				PRODUCT_NAME = "$(TARGET_NAME)";
				SDKROOT = auto;
				SUPPORTED_PLATFORMS = "iphoneos iphonesimulator macosx xros xrsimulator";
				SWIFT_EMIT_LOC_STRINGS = NO;
				SWIFT_VERSION = 5.0;
				TARGETED_DEVICE_FAMILY = "1,2,7";
				TEST_HOST = "$(BUILT_PRODUCTS_DIR)/Ares.app/$(BUNDLE_EXECUTABLE_FOLDER_PATH)/Ares";
				XROS_DEPLOYMENT_TARGET = 2.2;
			};
			name = Debug;
		};
		CFF98B862D29732E00E98BB9 /* Release */ = {
			isa = XCBuildConfiguration;
			buildSettings = {
				BUNDLE_LOADER = "$(TEST_HOST)";
				CODE_SIGN_STYLE = Automatic;
				CURRENT_PROJECT_VERSION = 1;
				DEVELOPMENT_TEAM = 7NJ556MN96;
				GENERATE_INFOPLIST_FILE = YES;
				IPHONEOS_DEPLOYMENT_TARGET = 18.2;
				MACOSX_DEPLOYMENT_TARGET = 15.2;
				MARKETING_VERSION = 1.0;
				PRODUCT_BUNDLE_IDENTIFIER = com.joaopires.AresTests;
				PRODUCT_NAME = "$(TARGET_NAME)";
				SDKROOT = auto;
				SUPPORTED_PLATFORMS = "iphoneos iphonesimulator macosx xros xrsimulator";
				SWIFT_EMIT_LOC_STRINGS = NO;
				SWIFT_VERSION = 5.0;
				TARGETED_DEVICE_FAMILY = "1,2,7";
				TEST_HOST = "$(BUILT_PRODUCTS_DIR)/Ares.app/$(BUNDLE_EXECUTABLE_FOLDER_PATH)/Ares";
				XROS_DEPLOYMENT_TARGET = 2.2;
			};
			name = Release;
		};
		CFF98B882D29732E00E98BB9 /* Debug */ = {
			isa = XCBuildConfiguration;
			buildSettings = {
				CODE_SIGN_STYLE = Automatic;
				CURRENT_PROJECT_VERSION = 1;
				DEVELOPMENT_TEAM = 7NJ556MN96;
				GENERATE_INFOPLIST_FILE = YES;
				IPHONEOS_DEPLOYMENT_TARGET = 18.2;
				MACOSX_DEPLOYMENT_TARGET = 15.2;
				MARKETING_VERSION = 1.0;
				PRODUCT_BUNDLE_IDENTIFIER = com.joaopires.AresUITests;
				PRODUCT_NAME = "$(TARGET_NAME)";
				SDKROOT = auto;
				SUPPORTED_PLATFORMS = "iphoneos iphonesimulator macosx xros xrsimulator";
				SWIFT_EMIT_LOC_STRINGS = NO;
				SWIFT_VERSION = 5.0;
				TARGETED_DEVICE_FAMILY = "1,2,7";
				TEST_TARGET_NAME = Ares;
				XROS_DEPLOYMENT_TARGET = 2.2;
			};
			name = Debug;
		};
		CFF98B892D29732E00E98BB9 /* Release */ = {
			isa = XCBuildConfiguration;
			buildSettings = {
				CODE_SIGN_STYLE = Automatic;
				CURRENT_PROJECT_VERSION = 1;
				DEVELOPMENT_TEAM = 7NJ556MN96;
				GENERATE_INFOPLIST_FILE = YES;
				IPHONEOS_DEPLOYMENT_TARGET = 18.2;
				MACOSX_DEPLOYMENT_TARGET = 15.2;
				MARKETING_VERSION = 1.0;
				PRODUCT_BUNDLE_IDENTIFIER = com.joaopires.AresUITests;
				PRODUCT_NAME = "$(TARGET_NAME)";
				SDKROOT = auto;
				SUPPORTED_PLATFORMS = "iphoneos iphonesimulator macosx xros xrsimulator";
				SWIFT_EMIT_LOC_STRINGS = NO;
				SWIFT_VERSION = 5.0;
				TARGETED_DEVICE_FAMILY = "1,2,7";
				TEST_TARGET_NAME = Ares;
				XROS_DEPLOYMENT_TARGET = 2.2;
			};
			name = Release;
		};
/* End XCBuildConfiguration section */

/* Begin XCConfigurationList section */
		CFF98B552D29732B00E98BB9 /* Build configuration list for PBXProject "Ares" */ = {
			isa = XCConfigurationList;
			buildConfigurations = (
				CFF98B7F2D29732E00E98BB9 /* Debug */,
				CFF98B802D29732E00E98BB9 /* Release */,
			);
			defaultConfigurationIsVisible = 0;
			defaultConfigurationName = Release;
		};
		CFF98B812D29732E00E98BB9 /* Build configuration list for PBXNativeTarget "Ares" */ = {
			isa = XCConfigurationList;
			buildConfigurations = (
				CFF98B822D29732E00E98BB9 /* Debug */,
				CFF98B832D29732E00E98BB9 /* Release */,
			);
			defaultConfigurationIsVisible = 0;
			defaultConfigurationName = Release;
		};
		CFF98B842D29732E00E98BB9 /* Build configuration list for PBXNativeTarget "AresTests" */ = {
			isa = XCConfigurationList;
			buildConfigurations = (
				CFF98B852D29732E00E98BB9 /* Debug */,
				CFF98B862D29732E00E98BB9 /* Release */,
			);
			defaultConfigurationIsVisible = 0;
			defaultConfigurationName = Release;
		};
		CFF98B872D29732E00E98BB9 /* Build configuration list for PBXNativeTarget "AresUITests" */ = {
			isa = XCConfigurationList;
			buildConfigurations = (
				CFF98B882D29732E00E98BB9 /* Debug */,
				CFF98B892D29732E00E98BB9 /* Release */,
			);
			defaultConfigurationIsVisible = 0;
			defaultConfigurationName = Release;
		};
/* End XCConfigurationList section */

/* Begin XCRemoteSwiftPackageReference section */
		CF47A4A62D3F948300CF3EC5 /* XCRemoteSwiftPackageReference "lib-ares-core" */ = {
			isa = XCRemoteSwiftPackageReference;
			repositoryURL = "https://github.com/joaoc-pires/lib-ares-core";
			requirement = {
				kind = exactVersion;
				version = 1.2.2;
			};
		};
		CF47A4A82D3F969200CF3EC5 /* XCRemoteSwiftPackageReference "lib-swift-opml" */ = {
			isa = XCRemoteSwiftPackageReference;
			repositoryURL = "https://github.com/joaoc-pires/lib-swift-opml";
			requirement = {
				kind = exactVersion;
				version = 1.0.1;
			};
		};
		CF47A4A92D3F96B100CF3EC5 /* XCRemoteSwiftPackageReference "SDWebImageSwiftUI" */ = {
			isa = XCRemoteSwiftPackageReference;
			repositoryURL = "https://github.com/SDWebImage/SDWebImageSwiftUI";
			requirement = {
				kind = exactVersion;
				version = 3.1.3;
			};
		};
		CF47A4AA2D3F96CB00CF3EC5 /* XCRemoteSwiftPackageReference "SwiftyBeaver" */ = {
			isa = XCRemoteSwiftPackageReference;
			repositoryURL = "https://github.com/SwiftyBeaver/SwiftyBeaver";
			requirement = {
				kind = exactVersion;
				version = 2.1.1;
			};
		};
/* End XCRemoteSwiftPackageReference section */

/* Begin XCSwiftPackageProductDependency section */
		CF47A4B22D3F9CE600CF3EC5 /* AresCore */ = {
			isa = XCSwiftPackageProductDependency;
			package = CF47A4A62D3F948300CF3EC5 /* XCRemoteSwiftPackageReference "lib-ares-core" */;
			productName = AresCore;
		};
		CF47A4B42D3F9CE600CF3EC5 /* OPML */ = {
			isa = XCSwiftPackageProductDependency;
			package = CF47A4A82D3F969200CF3EC5 /* XCRemoteSwiftPackageReference "lib-swift-opml" */;
			productName = OPML;
		};
		CF47A4B62D3F9CE600CF3EC5 /* SDWebImageSwiftUI */ = {
			isa = XCSwiftPackageProductDependency;
			package = CF47A4A92D3F96B100CF3EC5 /* XCRemoteSwiftPackageReference "SDWebImageSwiftUI" */;
			productName = SDWebImageSwiftUI;
		};
		CF47A4B82D3F9CE600CF3EC5 /* SwiftyBeaver */ = {
			isa = XCSwiftPackageProductDependency;
			package = CF47A4AA2D3F96CB00CF3EC5 /* XCRemoteSwiftPackageReference "SwiftyBeaver" */;
			productName = SwiftyBeaver;
		};
/* End XCSwiftPackageProductDependency section */
	};
	rootObject = CFF98B522D29732B00E98BB9 /* Project object */;
}
