{
  "originHash" : "fbe42931bf3a2398deb16438d37ef6269e91cf1da7d794c6a38fcb1149152821",
  "pins" : [
    {
      "identity" : "feedkit",
      "kind" : "remoteSourceControl",
      "location" : "https://github.com/nmdias/FeedKit.git",
      "state" : {
        "revision" : "68493a33d862c33c9a9f67ec729b3b7df1b20ade",
        "version" : "9.1.2"
      }
    },
    {
      "identity" : "lib-ares-core",
      "kind" : "remoteSourceControl",
      "location" : "https://github.com/joaoc-pires/lib-ares-core",
      "state" : {
        "revision" : "8f58df7c701d8e2fd3ae5aa6c40628d7b6631667",
        "version" : "1.2.1"
      }
    },
    {
      "identity" : "lib-simple-network",
      "kind" : "remoteSourceControl",
      "location" : "https://github.com/joaoc-pires/lib-simple-network",
      "state" : {
        "revision" : "bda37aebdce501a6b84e80cd9c6a970f1f066841",
        "version" : "1.2.0"
      }
    },
    {
      "identity" : "lib-swift-opml",
      "kind" : "remoteSourceControl",
      "location" : "https://github.com/joaoc-pires/lib-swift-opml",
      "state" : {
        "revision" : "6fd5554c6619a43edf49ba3ae80e46fd523be50d",
        "version" : "1.0.1"
      }
    },
    {
      "identity" : "sdwebimage",
      "kind" : "remoteSourceControl",
      "location" : "https://github.com/SDWebImage/SDWebImage.git",
      "state" : {
        "revision" : "10d06f6a33bafae8c164fbfd1f03391f6d4692b3",
        "version" : "5.20.0"
      }
    },
    {
      "identity" : "sdwebimageswiftui",
      "kind" : "remoteSourceControl",
      "location" : "https://github.com/SDWebImage/SDWebImageSwiftUI",
      "state" : {
        "revision" : "451c6dfd5ecec2cf626d1d9ca81c2d4a60355172",
        "version" : "3.1.3"
      }
    },
    {
      "identity" : "swift-html",
      "kind" : "remoteSourceControl",
      "location" : "https://github.com/pointfreeco/swift-html",
      "state" : {
        "revision" : "662619ff6c39c389694b9f5d522c72291d034928",
        "version" : "0.5.0"
      }
    },
    {
      "identity" : "swift-snapshot-testing",
      "kind" : "remoteSourceControl",
      "location" : "https://github.com/pointfreeco/swift-snapshot-testing",
      "state" : {
        "revision" : "2e6a85b73fc14e27d7542165ae73b1a10516ca9a",
        "version" : "1.17.7"
      }
    },
    {
      "identity" : "swift-syntax",
      "kind" : "remoteSourceControl",
      "location" : "https://github.com/swiftlang/swift-syntax",
      "state" : {
        "revision" : "0687f71944021d616d34d922343dcef086855920",
        "version" : "600.0.1"
      }
    },
    {
      "identity" : "swiftsoup",
      "kind" : "remoteSourceControl",
      "location" : "https://github.com/scinfu/SwiftSoup",
      "state" : {
        "revision" : "8b6cf29eead8841a1fa7822481cb3af4ddaadba6",
        "version" : "2.6.1"
      }
    },
    {
      "identity" : "swiftybeaver",
      "kind" : "remoteSourceControl",
      "location" : "https://github.com/SwiftyBeaver/SwiftyBeaver",
      "state" : {
        "revision" : "8cba041db09596183331d123f337d0eb2e6e8e91",
        "version" : "2.1.1"
      }
    },
    {
      "identity" : "syndikit",
      "kind" : "remoteSourceControl",
      "location" : "https://github.com/brightdigit/SyndiKit.git",
      "state" : {
        "revision" : "0a077415a1ae3d20fb0327fdc3837442f7298708",
        "version" : "0.3.7"
      }
    },
    {
      "identity" : "xmlcoder",
      "kind" : "remoteSourceControl",
      "location" : "https://github.com/CoreOffice/XMLCoder",
      "state" : {
        "revision" : "b1e944cbd0ef33787b13f639a5418d55b3bed501",
        "version" : "0.17.1"
      }
    }
  ],
  "version" : 3
}
